lockfileVersion: '9.0'

settings:
  autoInstallPeers: true
  excludeLinksFromLockfile: false

importers:

  .:
    dependencies:
      react-clock:
        specifier: ^6.0.0
        version: 6.0.0(react-dom@19.2.0(react@19.2.0))(react@19.2.0)
      react-time-picker:
        specifier: ^8.0.2
        version: 8.0.2(react-dom@19.2.0(react@19.2.0))(react@19.2.0)

packages:

  '@wojtekmaj/date-utils@2.0.2':
    resolution: {integrity: sha512-Do66mSlSNifFFuo3l9gNKfRMSFi26CRuQMsDJuuKO/ekrDWuTTtE4ZQxoFCUOG+NgxnpSeBq/k5TY8ZseEzLpA==}

  clsx@2.1.1:
    resolution: {integrity: sha512-eYm0QWBtUrBWZWG0d386OGAw16Z995PiOVo2B7bjWSbHedGl5e0ZWaq65kOGgUSNesEIDkB9ISbTg/JK9dhCZA==}
    engines: {node: '>=6'}

  detect-element-overflow@2.0.0:
    resolution: {integrity: sha512-DETEHRGdIdQowMR1Fb5hG4WXUJhlLId/IRQgAi5GVqCnHwnb0SKf9V/teyEVDX0+iClPeOPiNvlE6fSiECz65w==}

  get-user-locale@3.0.0:
    resolution: {integrity: sha512-iJfHSmdYV39UUBw7Jq6GJzeJxUr4U+S03qdhVuDsR9gCEnfbqLy9gYDJFBJQL1riqolFUKQvx36mEkp2iGgJ3g==}

  js-tokens@4.0.0:
    resolution: {integrity: sha512-RdJUflcE3cUzKiMqQgsCu06FPu9UdIJO0beYbPhHN4k6apgJtifcoCtT9bcxOpYBtpD2kCM6Sbzg4CausW/PKQ==}

  loose-envify@1.4.0:
    resolution: {integrity: sha512-lyuxPGr/Wfhrlem2CL/UcnUc1zcqKAImBDzukY7Y5F/yQiNdko6+fRLevlw1HgMySw7f611UIY408EtxRSoK3Q==}
    hasBin: true

  make-event-props@2.0.0:
    resolution: {integrity: sha512-G/hncXrl4Qt7mauJEXSg3AcdYzmpkIITTNl5I+rH9sog5Yw0kK6vseJjCaPfOXqOqQuPUP89Rkhfz5kPS8ijtw==}

  memoize@10.1.0:
    resolution: {integrity: sha512-MMbFhJzh4Jlg/poq1si90XRlTZRDHVqdlz2mPyGJ6kqMpyHUyVpDd5gpFAvVehW64+RA1eKE9Yt8aSLY7w2Kgg==}
    engines: {node: '>=18'}

  mimic-function@5.0.1:
    resolution: {integrity: sha512-VP79XUPxV2CigYP3jWwAUFSku2aKqBH7uTAapFWCBqutsbmDo96KY5o8uh6U+/YSIn5OxJnXp73beVkpqMIGhA==}
    engines: {node: '>=18'}

  react-clock@6.0.0:
    resolution: {integrity: sha512-qYYrCT9HwDmj5Y2jFGPLc0ktQAZnm+1h2e429/8KBic69PuP1Cp2u0U8k5m3G8A09cOmikQFQitnX6STeGmTpA==}
    peerDependencies:
      '@types/react': ^16.8.0 || ^17.0.0 || ^18.0.0 || ^19.0.0
      react: ^16.8.0 || ^17.0.0 || ^18.0.0 || ^19.0.0
      react-dom: ^16.8.0 || ^17.0.0 || ^18.0.0 || ^19.0.0
    peerDependenciesMeta:
      '@types/react':
        optional: true

  react-dom@19.2.0:
    resolution: {integrity: sha512-UlbRu4cAiGaIewkPyiRGJk0imDN2T3JjieT6spoL2UeSf5od4n5LB/mQ4ejmxhCFT1tYe8IvaFulzynWovsEFQ==}
    peerDependencies:
      react: ^19.2.0

  react-fit@3.0.0:
    resolution: {integrity: sha512-3jrm0k4TZS7n6fZXgCu5k8ARx5w+YbrzpcFMop/iScOjnA22xQVjrVOOJD8YyqRM1j0focbRBrBEJXyydzF/Iw==}
    peerDependencies:
      '@types/react': ^16.8.0 || ^17.0.0 || ^18.0.0 || ^19.0.0
      react: ^16.8.0 || ^17.0.0 || ^18.0.0 || ^19.0.0
      react-dom: ^16.8.0 || ^17.0.0 || ^18.0.0 || ^19.0.0
    peerDependenciesMeta:
      '@types/react':
        optional: true

  react-time-picker@8.0.2:
    resolution: {integrity: sha512-qT0MDiPy9rFM60QrNNfZ5F9nwDBW1E9DrBtslpM46UPP/RReaWDJrGlvHVH6CjtWHUeJi5sLk1vB+dzLS8ZvnA==}
    peerDependencies:
      '@types/react': ^16.8.0 || ^17.0.0 || ^18.0.0 || ^19.0.0
      react: ^16.8.0 || ^17.0.0 || ^18.0.0 || ^19.0.0
      react-dom: ^16.8.0 || ^17.0.0 || ^18.0.0 || ^19.0.0
    peerDependenciesMeta:
      '@types/react':
        optional: true

  react@19.2.0:
    resolution: {integrity: sha512-tmbWg6W31tQLeB5cdIBOicJDJRR2KzXsV7uSK9iNfLWQ5bIZfxuPEHp7M8wiHyHnn0DD1i7w3Zmin0FtkrwoCQ==}
    engines: {node: '>=0.10.0'}

  scheduler@0.27.0:
    resolution: {integrity: sha512-eNv+WrVbKu1f3vbYJT/xtiF5syA5HPIMtf9IgY/nKg0sWqzAUEvqY/xm7OcZc/qafLx/iO9FgOmeSAp4v5ti/Q==}

  update-input-width@1.4.2:
    resolution: {integrity: sha512-/p0XLhrQQQ4bMWD7bL9duYObwYCO1qGr8R19xcMmoMSmXuQ7/1//veUnCObQ7/iW6E2pGS6rFkS4TfH4ur7e/g==}

  warning@4.0.3:
    resolution: {integrity: sha512-rpJyN222KWIvHJ/F53XSZv0Zl/accqHR8et1kpaMTD/fLCRxtV8iX8czMzY7sVZupTI3zcUTg8eycS2kNF9l6w==}

snapshots:

  '@wojtekmaj/date-utils@2.0.2': {}

  clsx@2.1.1: {}

  detect-element-overflow@2.0.0: {}

  get-user-locale@3.0.0:
    dependencies:
      memoize: 10.1.0

  js-tokens@4.0.0: {}

  loose-envify@1.4.0:
    dependencies:
      js-tokens: 4.0.0

  make-event-props@2.0.0: {}

  memoize@10.1.0:
    dependencies:
      mimic-function: 5.0.1

  mimic-function@5.0.1: {}

  react-clock@6.0.0(react-dom@19.2.0(react@19.2.0))(react@19.2.0):
    dependencies:
      '@wojtekmaj/date-utils': 2.0.2
      clsx: 2.1.1
      get-user-locale: 3.0.0
      react: 19.2.0
      react-dom: 19.2.0(react@19.2.0)

  react-dom@19.2.0(react@19.2.0):
    dependencies:
      react: 19.2.0
      scheduler: 0.27.0

  react-fit@3.0.0(react-dom@19.2.0(react@19.2.0))(react@19.2.0):
    dependencies:
      detect-element-overflow: 2.0.0
      react: 19.2.0
      react-dom: 19.2.0(react@19.2.0)
      warning: 4.0.3

  react-time-picker@8.0.2(react-dom@19.2.0(react@19.2.0))(react@19.2.0):
    dependencies:
      '@wojtekmaj/date-utils': 2.0.2
      clsx: 2.1.1
      get-user-locale: 3.0.0
      make-event-props: 2.0.0
      react: 19.2.0
      react-clock: 6.0.0(react-dom@19.2.0(react@19.2.0))(react@19.2.0)
      react-dom: 19.2.0(react@19.2.0)
      react-fit: 3.0.0(react-dom@19.2.0(react@19.2.0))(react@19.2.0)
      update-input-width: 1.4.2

  react@19.2.0: {}

  scheduler@0.27.0: {}

  update-input-width@1.4.2: {}

  warning@4.0.3:
    dependencies:
      loose-envify: 1.4.0
